
Microsoft Visual Studio Solution File, Format Version 12.00
# Visual Studio Version 16
VisualStudioVersion = 16.0.29806.167
MinimumVisualStudioVersion = 10.0.40219.1
Project("{FAE04EC0-301F-11D3-BF4B-00C04F79EFBC}") = "TechStocks.UWP", "TechStocks\TechStocks.UWP\TechStocks.UWP.csproj", "{14A9745A-A2B0-48AD-9517-DCE57EA7F109}"
EndProject
Project("{FAE04EC0-301F-11D3-BF4B-00C04F79EFBC}") = "TechStocks.Android", "TechStocks\TechStocks.Android\TechStocks.Android.csproj", "{32131A47-B730-4A25-B4AF-5D99BB2F9E7A}"
EndProject
Project("{FAE04EC0-301F-11D3-BF4B-00C04F79EFBC}") = "TechStocks", "TechStocks\TechStocks\TechStocks.csproj", "{9282EC0A-CEB0-43D4-9FDF-DB3DB58B8B3E}"
EndProject
Global
	GlobalSection(SolutionConfigurationPlatforms) = preSolution
		Debug|Any CPU = Debug|Any CPU
		Debug|ARM = Debug|ARM
		Debug|x64 = Debug|x64
		Debug|x86 = Debug|x86
		Release|Any CPU = Release|Any CPU
		Release|ARM = Release|ARM
		Release|x64 = Release|x64
		Release|x86 = Release|x86
	EndGlobalSection
	GlobalSection(ProjectConfigurationPlatforms) = postSolution
		{14A9745A-A2B0-48AD-9517-DCE57EA7F109}.Debug|Any CPU.ActiveCfg = Debug|x86
		{14A9745A-A2B0-48AD-9517-DCE57EA7F109}.Debug|Any CPU.Build.0 = Debug|x86
		{14A9745A-A2B0-48AD-9517-DCE57EA7F109}.Debug|Any CPU.Deploy.0 = Debug|x86
		{14A9745A-A2B0-48AD-9517-DCE57EA7F109}.Debug|ARM.ActiveCfg = Debug|ARM
		{14A9745A-A2B0-48AD-9517-DCE57EA7F109}.Debug|ARM.Build.0 = Debug|ARM
		{14A9745A-A2B0-48AD-9517-DCE57EA7F109}.Debug|ARM.Deploy.0 = Debug|ARM
		{14A9745A-A2B0-48AD-9517-DCE57EA7F109}.Debug|x64.ActiveCfg = Debug|x64
		{14A9745A-A2B0-48AD-9517-DCE57EA7F109}.Debug|x64.Build.0 = Debug|x64
		{14A9745A-A2B0-48AD-9517-DCE57EA7F109}.Debug|x64.Deploy.0 = Debug|x64
		{14A9745A-A2B0-48AD-9517-DCE57EA7F109}.Debug|x86.ActiveCfg = Debug|x86
		{14A9745A-A2B0-48AD-9517-DCE57EA7F109}.Debug|x86.Build.0 = Debug|x86
		{14A9745A-A2B0-48AD-9517-DCE57EA7F109}.Debug|x86.Deploy.0 = Debug|x86
		{14A9745A-A2B0-48AD-9517-DCE57EA7F109}.Release|Any CPU.ActiveCfg = Release|x86
		{14A9745A-A2B0-48AD-9517-DCE57EA7F109}.Release|Any CPU.Build.0 = Release|x86
		{14A9745A-A2B0-48AD-9517-DCE57EA7F109}.Release|Any CPU.Deploy.0 = Release|x86
		{14A9745A-A2B0-48AD-9517-DCE57EA7F109}.Release|ARM.ActiveCfg = Release|ARM
		{14A9745A-A2B0-48AD-9517-DCE57EA7F109}.Release|ARM.Build.0 = Release|ARM
		{14A9745A-A2B0-48AD-9517-DCE57EA7F109}.Release|ARM.Deploy.0 = Release|ARM
		{14A9745A-A2B0-48AD-9517-DCE57EA7F109}.Release|x64.ActiveCfg = Release|x64
		{14A9745A-A2B0-48AD-9517-DCE57EA7F109}.Release|x64.Build.0 = Release|x64
		{14A9745A-A2B0-48AD-9517-DCE57EA7F109}.Release|x64.Deploy.0 = Release|x64
		{14A9745A-A2B0-48AD-9517-DCE57EA7F109}.Release|x86.ActiveCfg = Release|x86
		{14A9745A-A2B0-48AD-9517-DCE57EA7F109}.Release|x86.Build.0 = Release|x86
		{14A9745A-A2B0-48AD-9517-DCE57EA7F109}.Release|x86.Deploy.0 = Release|x86
		{32131A47-B730-4A25-B4AF-5D99BB2F9E7A}.Debug|Any CPU.ActiveCfg = Debug|Any CPU
		{32131A47-B730-4A25-B4AF-5D99BB2F9E7A}.Debug|Any CPU.Build.0 = Debug|Any CPU
		{32131A47-B730-4A25-B4AF-5D99BB2F9E7A}.Debug|Any CPU.Deploy.0 = Debug|Any CPU
		{32131A47-B730-4A25-B4AF-5D99BB2F9E7A}.Debug|ARM.ActiveCfg = Debug|Any CPU
		{32131A47-B730-4A25-B4AF-5D99BB2F9E7A}.Debug|ARM.Build.0 = Debug|Any CPU
		{32131A47-B730-4A25-B4AF-5D99BB2F9E7A}.Debug|ARM.Deploy.0 = Debug|Any CPU
		{32131A47-B730-4A25-B4AF-5D99BB2F9E7A}.Debug|x64.ActiveCfg = Debug|Any CPU
		{32131A47-B730-4A25-B4AF-5D99BB2F9E7A}.Debug|x64.Build.0 = Debug|Any CPU
		{32131A47-B730-4A25-B4AF-5D99BB2F9E7A}.Debug|x64.Deploy.0 = Debug|Any CPU
		{32131A47-B730-4A25-B4AF-5D99BB2F9E7A}.Debug|x86.ActiveCfg = Debug|Any CPU
		{32131A47-B730-4A25-B4AF-5D99BB2F9E7A}.Debug|x86.Build.0 = Debug|Any CPU
		{32131A47-B730-4A25-B4AF-5D99BB2F9E7A}.Debug|x86.Deploy.0 = Debug|Any CPU
		{32131A47-B730-4A25-B4AF-5D99BB2F9E7A}.Release|Any CPU.ActiveCfg = Release|Any CPU
		{32131A47-B730-4A25-B4AF-5D99BB2F9E7A}.Release|Any CPU.Build.0 = Release|Any CPU
		{32131A47-B730-4A25-B4AF-5D99BB2F9E7A}.Release|Any CPU.Deploy.0 = Release|Any CPU
		{32131A47-B730-4A25-B4AF-5D99BB2F9E7A}.Release|ARM.ActiveCfg = Release|Any CPU
		{32131A47-B730-4A25-B4AF-5D99BB2F9E7A}.Release|ARM.Build.0 = Release|Any CPU
		{32131A47-B730-4A25-B4AF-5D99BB2F9E7A}.Release|ARM.Deploy.0 = Release|Any CPU
		{32131A47-B730-4A25-B4AF-5D99BB2F9E7A}.Release|x64.ActiveCfg = Release|Any CPU
		{32131A47-B730-4A25-B4AF-5D99BB2F9E7A}.Release|x64.Build.0 = Release|Any CPU
		{32131A47-B730-4A25-B4AF-5D99BB2F9E7A}.Release|x64.Deploy.0 = Release|Any CPU
		{32131A47-B730-4A25-B4AF-5D99BB2F9E7A}.Release|x86.ActiveCfg = Release|Any CPU
		{32131A47-B730-4A25-B4AF-5D99BB2F9E7A}.Release|x86.Build.0 = Release|Any CPU
		{32131A47-B730-4A25-B4AF-5D99BB2F9E7A}.Release|x86.Deploy.0 = Release|Any CPU
		{9282EC0A-CEB0-43D4-9FDF-DB3DB58B8B3E}.Debug|Any CPU.ActiveCfg = Debug|Any CPU
		{9282EC0A-CEB0-43D4-9FDF-DB3DB58B8B3E}.Debug|Any CPU.Build.0 = Debug|Any CPU
		{9282EC0A-CEB0-43D4-9FDF-DB3DB58B8B3E}.Debug|Any CPU.Deploy.0 = Debug|Any CPU
		{9282EC0A-CEB0-43D4-9FDF-DB3DB58B8B3E}.Debug|ARM.ActiveCfg = Debug|Any CPU
		{9282EC0A-CEB0-43D4-9FDF-DB3DB58B8B3E}.Debug|ARM.Build.0 = Debug|Any CPU
		{9282EC0A-CEB0-43D4-9FDF-DB3DB58B8B3E}.Debug|ARM.Deploy.0 = Debug|Any CPU
		{9282EC0A-CEB0-43D4-9FDF-DB3DB58B8B3E}.Debug|x64.ActiveCfg = Debug|Any CPU
		{9282EC0A-CEB0-43D4-9FDF-DB3DB58B8B3E}.Debug|x64.Build.0 = Debug|Any CPU
		{9282EC0A-CEB0-43D4-9FDF-DB3DB58B8B3E}.Debug|x64.Deploy.0 = Debug|Any CPU
		{9282EC0A-CEB0-43D4-9FDF-DB3DB58B8B3E}.Debug|x86.ActiveCfg = Debug|Any CPU
		{9282EC0A-CEB0-43D4-9FDF-DB3DB58B8B3E}.Debug|x86.Build.0 = Debug|Any CPU
		{9282EC0A-CEB0-43D4-9FDF-DB3DB58B8B3E}.Debug|x86.Deploy.0 = Debug|Any CPU
		{9282EC0A-CEB0-43D4-9FDF-DB3DB58B8B3E}.Release|Any CPU.ActiveCfg = Release|Any CPU
		{9282EC0A-CEB0-43D4-9FDF-DB3DB58B8B3E}.Release|Any CPU.Build.0 = Release|Any CPU
		{9282EC0A-CEB0-43D4-9FDF-DB3DB58B8B3E}.Release|Any CPU.Deploy.0 = Release|Any CPU
		{9282EC0A-CEB0-43D4-9FDF-DB3DB58B8B3E}.Release|ARM.ActiveCfg = Release|Any CPU
		{9282EC0A-CEB0-43D4-9FDF-DB3DB58B8B3E}.Release|ARM.Build.0 = Release|Any CPU
		{9282EC0A-CEB0-43D4-9FDF-DB3DB58B8B3E}.Release|ARM.Deploy.0 = Release|Any CPU
		{9282EC0A-CEB0-43D4-9FDF-DB3DB58B8B3E}.Release|x64.ActiveCfg = Release|Any CPU
		{9282EC0A-CEB0-43D4-9FDF-DB3DB58B8B3E}.Release|x64.Build.0 = Release|Any CPU
		{9282EC0A-CEB0-43D4-9FDF-DB3DB58B8B3E}.Release|x64.Deploy.0 = Release|Any CPU
		{9282EC0A-CEB0-43D4-9FDF-DB3DB58B8B3E}.Release|x86.ActiveCfg = Release|Any CPU
		{9282EC0A-CEB0-43D4-9FDF-DB3DB58B8B3E}.Release|x86.Build.0 = Release|Any CPU
		{9282EC0A-CEB0-43D4-9FDF-DB3DB58B8B3E}.Release|x86.Deploy.0 = Release|Any CPU
	EndGlobalSection
	GlobalSection(SolutionProperties) = preSolution
		HideSolutionNode = FALSE
	EndGlobalSection
	GlobalSection(ExtensibilityGlobals) = postSolution
		SolutionGuid = {2289967F-01BE-41D0-AF82-882911C45B0B}
	EndGlobalSection
EndGlobal
